
Microsoft Visual Studio Solution File, Format Version 12.00
# Visual Studio Version 17
VisualStudioVersion = 17.5.33414.496
MinimumVisualStudioVersion = 10.0.40219.1
Project("{FAE04EC0-301F-11D3-BF4B-00C04F79EFBC}") = "ReportCard", "ReportCard\ReportCard.csproj", "{A910E9DE-9E7B-49E2-8F64-F7C53D465824}"
EndProject
Project("{FAE04EC0-301F-11D3-BF4B-00C04F79EFBC}") = "UITestsForReportCard", "UITestsForReportCard\UITestsForReportCard.csproj", "{658C2FA8-9816-4633-98D7-57E4826C06F3}"
EndProject
Global
	GlobalSection(SolutionConfigurationPlatforms) = preSolution
		Debug|Any CPU = Debug|Any CPU
		Release|Any CPU = Release|Any CPU
	EndGlobalSection
	GlobalSection(ProjectConfigurationPlatforms) = postSolution
		{A910E9DE-9E7B-49E2-8F64-F7C53D465824}.Debug|Any CPU.ActiveCfg = Debug|Any CPU
		{A910E9DE-9E7B-49E2-8F64-F7C53D465824}.Debug|Any CPU.Build.0 = Debug|Any CPU
		{A910E9DE-9E7B-49E2-8F64-F7C53D465824}.Release|Any CPU.ActiveCfg = Release|Any CPU
		{A910E9DE-9E7B-49E2-8F64-F7C53D465824}.Release|Any CPU.Build.0 = Release|Any CPU
		{658C2FA8-9816-4633-98D7-57E4826C06F3}.Debug|Any CPU.ActiveCfg = Debug|Any CPU
		{658C2FA8-9816-4633-98D7-57E4826C06F3}.Debug|Any CPU.Build.0 = Debug|Any CPU
		{658C2FA8-9816-4633-98D7-57E4826C06F3}.Release|Any CPU.ActiveCfg = Release|Any CPU
		{658C2FA8-9816-4633-98D7-57E4826C06F3}.Release|Any CPU.Build.0 = Release|Any CPU
	EndGlobalSection
	GlobalSection(SolutionProperties) = preSolution
		HideSolutionNode = FALSE
	EndGlobalSection
	GlobalSection(ExtensibilityGlobals) = postSolution
		SolutionGuid = {536B040A-AC9F-4CA6-A9FC-00FCFC0B2B9A}
	EndGlobalSection
EndGlobal
